
Microsoft Visual Studio Solution File, Format Version 12.00
# Visual Studio 2017
Project("{FAE04EC0-301F-11D3-BF4B-00C04F79EFBC}") = "TarotReader", "TarotReader.csproj", "{A9685F06-B2AE-9688-015B-1B958F0AE87A}"
EndProject
Project("{FAE04EC0-301F-11D3-BF4B-00C04F79EFBC}") = "TarotReader.Editor", "TarotReader.Editor.csproj", "{114551B4-0167-8F6F-DE09-8B986B4A1712}"
EndProject
Global
	GlobalSection(SolutionConfigurationPlatforms) = preSolution
		Debug|Any CPU = Debug|Any CPU
		Release|Any CPU = Release|Any CPU
	EndGlobalSection
	GlobalSection(ProjectConfigurationPlatforms) = postSolution
		{A9685F06-B2AE-9688-015B-1B958F0AE87A}.Debug|Any CPU.ActiveCfg = Debug|Any CPU
		{A9685F06-B2AE-9688-015B-1B958F0AE87A}.Debug|Any CPU.Build.0 = Debug|Any CPU
		{A9685F06-B2AE-9688-015B-1B958F0AE87A}.Release|Any CPU.ActiveCfg = Release|Any CPU
		{A9685F06-B2AE-9688-015B-1B958F0AE87A}.Release|Any CPU.Build.0 = Release|Any CPU
		{114551B4-0167-8F6F-DE09-8B986B4A1712}.Debug|Any CPU.ActiveCfg = Debug|Any CPU
		{114551B4-0167-8F6F-DE09-8B986B4A1712}.Debug|Any CPU.Build.0 = Debug|Any CPU
		{114551B4-0167-8F6F-DE09-8B986B4A1712}.Release|Any CPU.ActiveCfg = Release|Any CPU
		{114551B4-0167-8F6F-DE09-8B986B4A1712}.Release|Any CPU.Build.0 = Release|Any CPU
	EndGlobalSection
	GlobalSection(SolutionProperties) = preSolution
		HideSolutionNode = FALSE
	EndGlobalSection
EndGlobal
